{
  "version": "5",
  "specifiers": {
    "jsr:@cliffy/ansi@1.0.0": "1.0.0",
    "jsr:@cliffy/command@1": "1.0.0",
    "jsr:@cliffy/flags@1": "1.0.0",
    "jsr:@cliffy/flags@1.0.0": "1.0.0",
    "jsr:@cliffy/internal@1.0.0": "1.0.0",
    "jsr:@cliffy/keycode@1.0.0": "1.0.0",
    "jsr:@cliffy/prompt@1": "1.0.0",
    "jsr:@cliffy/table@1.0.0": "1.0.0",
    "jsr:@std/assert@1": "1.0.19",
    "jsr:@std/assert@^1.0.18": "1.0.19",
    "jsr:@std/encoding@^1.0.10": "1.0.10",
    "jsr:@std/fmt@^1.0.9": "1.0.9",
    "jsr:@std/fs@^1.0.23": "1.0.23",
    "jsr:@std/internal@^1.0.12": "1.0.12",
    "jsr:@std/io@~0.225.3": "0.225.3",
    "jsr:@std/path@^1.1.4": "1.1.4",
    "jsr:@std/semver@^1.0.8": "1.0.8",
    "jsr:@std/text@^1.0.17": "1.0.17"
  },
  "jsr": {
    "@cliffy/ansi@1.0.0": {
      "integrity": "987008f74e50aa72cc1517ffccc769711734a14927bc4599e052efe1b9a840e2",
      "dependencies": [
        "jsr:@cliffy/internal",
        "jsr:@std/encoding",
        "jsr:@std/io"
      ]
    },
    "@cliffy/command@1.0.0": {
      "integrity": "c52a241ea68857fcdaff4f3173eb404f8017d7bc35553b6f533c592b89dde7d2",
      "dependencies": [
        "jsr:@cliffy/flags@1.0.0",
        "jsr:@cliffy/internal",
        "jsr:@cliffy/table",
        "jsr:@std/fmt",
        "jsr:@std/semver",
        "jsr:@std/text"
      ]
    },
    "@cliffy/flags@1.0.0": {
      "integrity": "8b57698adc644da8f90422d58976362d41a4ebca39c312ca1c101585d0148feb",
      "dependencies": [
        "jsr:@cliffy/internal",
        "jsr:@std/text"
      ]
    },
    "@cliffy/internal@1.0.0": {
      "integrity": "1e17ccbcd5420093c0a93e5b3827bbdc9abac5195bacf187edc44665e54bdde6"
    },
    "@cliffy/keycode@1.0.0": {
      "integrity": "755dbf007be110dcb5625f87eb61b362b6a0ca6835453af03ebd3b34d399cf14"
    },
    "@cliffy/prompt@1.0.0": {
      "integrity": "48b4cd35199fda7832f35e1fe0a3e8bc2b1ea49ba57b4ec0e29e22db44e8ca9f",
      "dependencies": [
        "jsr:@cliffy/ansi",
        "jsr:@cliffy/internal",
        "jsr:@cliffy/keycode",
        "jsr:@std/assert@^1.0.18",
        "jsr:@std/fmt",
        "jsr:@std/io",
        "jsr:@std/path",
        "jsr:@std/text"
      ]
    },
    "@cliffy/table@1.0.0": {
      "integrity": "3fdaa9e1ef1ea62022108adabd826932bdea8dd05497079896febcd41322907f",
      "dependencies": [
        "jsr:@std/fmt"
      ]
    },
    "@std/assert@1.0.19": {
      "integrity": "eaada96ee120cb980bc47e040f82814d786fe8162ecc53c91d8df60b8755991e",
      "dependencies": [
        "jsr:@std/internal"
      ]
    },
    "@std/encoding@1.0.10": {
      "integrity": "8783c6384a2d13abd5e9e87a7ae0520a30e9f56aeeaa3bdf910a3eaaf5c811a1"
    },
    "@std/fmt@1.0.9": {
      "integrity": "2487343e8899fb2be5d0e3d35013e54477ada198854e52dd05ed0422eddcabe0"
    },
    "@std/fs@1.0.23": {
      "integrity": "3ecbae4ce4fee03b180fa710caff36bb5adb66631c46a6460aaad49515565a37",
      "dependencies": [
        "jsr:@std/internal",
        "jsr:@std/path"
      ]
    },
    "@std/internal@1.0.12": {
      "integrity": "972a634fd5bc34b242024402972cd5143eac68d8dffaca5eaa4dba30ce17b027"
    },
    "@std/io@0.225.3": {
      "integrity": "27b07b591384d12d7b568f39e61dff966b8230559122df1e9fd11cc068f7ddd1"
    },
    "@std/path@1.1.4": {
      "integrity": "1d2d43f39efb1b42f0b1882a25486647cb851481862dc7313390b2bb044314b5",
      "dependencies": [
        "jsr:@std/internal"
      ]
    },
    "@std/semver@1.0.8": {
      "integrity": "dc830e8b8b6a380c895d53fbfd1258dc253704ca57bbe1629ac65fd7830179b7"
    },
    "@std/text@1.0.17": {
      "integrity": "4b2c4ef67ae5b6c1dfd447c81c83a43718f52e3c7e748d8b33f694aba9895f95"
    }
  },
  "workspace": {
    "dependencies": [
      "jsr:@cliffy/command@1",
      "jsr:@cliffy/flags@1",
      "jsr:@cliffy/prompt@1",
      "jsr:@std/assert@1",
      "jsr:@std/fs@^1.0.23",
      "jsr:@std/path@^1.1.4"
    ]
  }
}
